
Microsoft Visual Studio Solution File, Format Version 12.00
# Visual Studio Version 16
VisualStudioVersion = 16.0.31005.135
MinimumVisualStudioVersion = 10.0.40219.1
Project("{9092AA53-FB77-4645-B42D-1CCCA6BD08BD}") = "GetRepoVersion", "GetRepoVersion.njsproj", "{53634F9A-D675-45F2-BB30-3E6FD6BC9E04}"
EndProject
Global
	GlobalSection(SolutionConfigurationPlatforms) = preSolution
		Debug|Any CPU = Debug|Any CPU
		Release|Any CPU = Release|Any CPU
	EndGlobalSection
	GlobalSection(ProjectConfigurationPlatforms) = postSolution
		{53634F9A-D675-45F2-BB30-3E6FD6BC9E04}.Debug|Any CPU.ActiveCfg = Debug|Any CPU
		{53634F9A-D675-45F2-BB30-3E6FD6BC9E04}.Debug|Any CPU.Build.0 = Debug|Any CPU
		{53634F9A-D675-45F2-BB30-3E6FD6BC9E04}.Release|Any CPU.ActiveCfg = Release|Any CPU
		{53634F9A-D675-45F2-BB30-3E6FD6BC9E04}.Release|Any CPU.Build.0 = Release|Any CPU
	EndGlobalSection
	GlobalSection(SolutionProperties) = preSolution
		HideSolutionNode = FALSE
	EndGlobalSection
	GlobalSection(ExtensibilityGlobals) = postSolution
		SolutionGuid = {06375D36-9D1C-4984-9EEB-D4CE49328C2A}
	EndGlobalSection
EndGlobal
